
Microsoft Visual Studio Solution File, Format Version 12.00
# Visual Studio 15
VisualStudioVersion = 15.0.27703.2042
MinimumVisualStudioVersion = 10.0.40219.1
Project("{FAE04EC0-301F-11D3-BF4B-00C04F79EFBC}") = "CS4642_TF-IDF Questions", "CS4642_TF-IDF Questions\CS4642_TF-IDF Questions.csproj", "{C257E658-6B63-40FB-A55E-93052B925629}"
EndProject
Global
	GlobalSection(SolutionConfigurationPlatforms) = preSolution
		Debug|Any CPU = Debug|Any CPU
		Release|Any CPU = Release|Any CPU
	EndGlobalSection
	GlobalSection(ProjectConfigurationPlatforms) = postSolution
		{C257E658-6B63-40FB-A55E-93052B925629}.Debug|Any CPU.ActiveCfg = Debug|Any CPU
		{C257E658-6B63-40FB-A55E-93052B925629}.Debug|Any CPU.Build.0 = Debug|Any CPU
		{C257E658-6B63-40FB-A55E-93052B925629}.Release|Any CPU.ActiveCfg = Release|Any CPU
		{C257E658-6B63-40FB-A55E-93052B925629}.Release|Any CPU.Build.0 = Release|Any CPU
	EndGlobalSection
	GlobalSection(SolutionProperties) = preSolution
		HideSolutionNode = FALSE
	EndGlobalSection
	GlobalSection(ExtensibilityGlobals) = postSolution
		SolutionGuid = {FA645258-D547-4CAA-BA5E-35D5A704CBDF}
	EndGlobalSection
EndGlobal
